<?xml version="1.0" encoding="utf-8"?>
<Project ToolsVersion="4.0" xmlns="http://schemas.microsoft.com/developer/msbuild/2003">
  <ItemGroup>
    <Filter Include="Source Files">
      <UniqueIdentifier>{4FC737F1-C7A5-4376-A066-2A32D752A2FF}</UniqueIdentifier>
      <Extensions>cpp;c;cc;cxx;c++;cppm;ixx;def;odl;idl;hpj;bat;asm;asmx</Extensions>
    </Filter>
    <Filter Include="Header Files">
      <UniqueIdentifier>{93995380-89BD-4b04-88EB-625FBE52EBFB}</UniqueIdentifier>
      <Extensions>h;hh;hpp;hxx;h++;hm;inl;inc;ipp;xsd</Extensions>
    </Filter>
    <Filter Include="Resource Files">
      <UniqueIdentifier>{67DA6AB6-F800-4c08-8B7A-83BB121AAD01}</UniqueIdentifier>
      <Extensions>rc;ico;cur;bmp;dlg;rc2;rct;bin;rgs;gif;jpg;jpeg;jpe;resx;tiff;tif;png;wav;mfcribbon-ms</Extensions>
    </Filter>
    <Filter Include="Resource Files\input">
      <UniqueIdentifier>{3babb3e1-7766-4e37-9e84-22d2b6cf78dd}</UniqueIdentifier>
    </Filter>
    <Filter Include="Resource Files\output">
      <UniqueIdentifier>{6746d1c1-0f65-4e84-8b53-c2ebb76f7ca4}</UniqueIdentifier>
    </Filter>
  </ItemGroup>
  <ItemGroup>
    <ClCompile Include="Main.cpp">
      <Filter>Source Files</Filter>
    </ClCompile>
    <ClCompile Include="KMP.cpp">
      <Filter>Source Files</Filter>
    </ClCompile>
    <ClCompile Include="Essential.cpp">
      <Filter>Source Files</Filter>
    </ClCompile>
  </ItemGroup>
  <ItemGroup>
    <ClInclude Include="All Functions.h">
      <Filter>Header Files</Filter>
    </ClInclude>
  </ItemGroup>
  <ItemGroup>
    <Text Include="text_files\input\1_Original Document.txt">
      <Filter>Resource Files\input</Filter>
    </Text>
    <Text Include="text_files\input\1_Uncompleted Document.txt">
      <Filter>Resource Files\input</Filter>
    </Text>
    <Text Include="text_files\output\Censored Document.txt">
      <Filter>Resource Files\output</Filter>
    </Text>
    <Text Include="text_files\output\Censored Elements.txt">
      <Filter>Resource Files\output</Filter>
    </Text>
    <Text Include="text_files\input\2_Original Document.txt">
      <Filter>Resource Files\input</Filter>
    </Text>
    <Text Include="text_files\input\2_Uncompleted Document.txt">
      <Filter>Resource Files\input</Filter>
    </Text>
    <Text Include="text_files\input\3_Original Document.txt">
      <Filter>Resource Files\input</Filter>
    </Text>
    <Text Include="text_files\input\3_Uncompleted Document.txt">
      <Filter>Resource Files\input</Filter>
    </Text>
  </ItemGroup>
</Project>